
Microsoft Visual Studio Solution File, Format Version 12.00
# Visual Studio 15
VisualStudioVersion = 15.0.26730.3
MinimumVisualStudioVersion = 15.0.26124.0
Project("{9A19103F-16F7-4668-BE54-9A1E7A4F7556}") = "Dotnettency", "Dotnettency\Dotnettency.csproj", "{27306262-FF3C-4B52-A2CD-ED49F613B200}"
EndProject
Project("{9A19103F-16F7-4668-BE54-9A1E7A4F7556}") = "Dotnettency.MiddlewarePipeline", "Dotnettency.MiddlewarePipeline\Dotnettency.MiddlewarePipeline.csproj", "{2C2F65D3-8902-481B-8343-CE6A86825D9E}"
EndProject
Project("{9A19103F-16F7-4668-BE54-9A1E7A4F7556}") = "Sample", "Dotnettency.Sample\Sample.csproj", "{4C346402-1A2A-4C65-A95F-8E696EE5CEC3}"
EndProject
Project("{9A19103F-16F7-4668-BE54-9A1E7A4F7556}") = "Dotnettency.Container", "Dotnettency.Container\Dotnettency.Container.csproj", "{9D449854-6932-436B-B9F6-FC298273C6F5}"
EndProject
Project("{9A19103F-16F7-4668-BE54-9A1E7A4F7556}") = "Dotnettency.Container.StructureMap", "Dotnettency.Container.StructureMap\Dotnettency.Container.StructureMap.csproj", "{5FDA86A9-0751-409D-9C3E-0BF344FA4CE2}"
EndProject
Project("{2150E333-8FDC-42A3-9474-1A3956D46DE8}") = "Solution Items", "Solution Items", "{4FB5543E-ED1F-4B32-A770-2675A16E508F}"
	ProjectSection(SolutionItems) = preProject
		..\appveyor.yml = ..\appveyor.yml
		..\LICENSE = ..\LICENSE
		NuGet.config = NuGet.config
		..\README.md = ..\README.md
	EndProjectSection
EndProject
Project("{9A19103F-16F7-4668-BE54-9A1E7A4F7556}") = "Sample.Mvc", "Sample.Mvc\Sample.Mvc.csproj", "{35717DCE-7CC2-482F-A699-2FF157C2258F}"
EndProject
Project("{9A19103F-16F7-4668-BE54-9A1E7A4F7556}") = "Dotnettency.HostingEnvironment", "Dotnettency.HostingEnvironment\Dotnettency.HostingEnvironment.csproj", "{E2CAD9E5-6843-4A9B-9A0B-1F4E1F42A6A4}"
EndProject
Project("{9A19103F-16F7-4668-BE54-9A1E7A4F7556}") = "Dotnettency.Modules", "Dotnettency.Modules\Dotnettency.Modules.csproj", "{720AC644-94A4-4AA9-AD12-543AB87BC2FC}"
EndProject
Project("{9A19103F-16F7-4668-BE54-9A1E7A4F7556}") = "Dotnettency.Modules.Nancy", "Dotnettency.Modules.Nancy\Dotnettency.Modules.Nancy.csproj", "{6CFD80AD-DC8C-4228-B467-EE070CEE11AC}"
EndProject
Global
	GlobalSection(SolutionConfigurationPlatforms) = preSolution
		Debug|Any CPU = Debug|Any CPU
		Debug|x64 = Debug|x64
		Debug|x86 = Debug|x86
		Release|Any CPU = Release|Any CPU
		Release|x64 = Release|x64
		Release|x86 = Release|x86
	EndGlobalSection
	GlobalSection(ProjectConfigurationPlatforms) = postSolution
		{27306262-FF3C-4B52-A2CD-ED49F613B200}.Debug|Any CPU.ActiveCfg = Debug|Any CPU
		{27306262-FF3C-4B52-A2CD-ED49F613B200}.Debug|Any CPU.Build.0 = Debug|Any CPU
		{27306262-FF3C-4B52-A2CD-ED49F613B200}.Debug|x64.ActiveCfg = Debug|Any CPU
		{27306262-FF3C-4B52-A2CD-ED49F613B200}.Debug|x64.Build.0 = Debug|Any CPU
		{27306262-FF3C-4B52-A2CD-ED49F613B200}.Debug|x86.ActiveCfg = Debug|Any CPU
		{27306262-FF3C-4B52-A2CD-ED49F613B200}.Debug|x86.Build.0 = Debug|Any CPU
		{27306262-FF3C-4B52-A2CD-ED49F613B200}.Release|Any CPU.ActiveCfg = Release|Any CPU
		{27306262-FF3C-4B52-A2CD-ED49F613B200}.Release|Any CPU.Build.0 = Release|Any CPU
		{27306262-FF3C-4B52-A2CD-ED49F613B200}.Release|x64.ActiveCfg = Release|Any CPU
		{27306262-FF3C-4B52-A2CD-ED49F613B200}.Release|x64.Build.0 = Release|Any CPU
		{27306262-FF3C-4B52-A2CD-ED49F613B200}.Release|x86.ActiveCfg = Release|Any CPU
		{27306262-FF3C-4B52-A2CD-ED49F613B200}.Release|x86.Build.0 = Release|Any CPU
		{2C2F65D3-8902-481B-8343-CE6A86825D9E}.Debug|Any CPU.ActiveCfg = Debug|Any CPU
		{2C2F65D3-8902-481B-8343-CE6A86825D9E}.Debug|Any CPU.Build.0 = Debug|Any CPU
		{2C2F65D3-8902-481B-8343-CE6A86825D9E}.Debug|x64.ActiveCfg = Debug|Any CPU
		{2C2F65D3-8902-481B-8343-CE6A86825D9E}.Debug|x64.Build.0 = Debug|Any CPU
		{2C2F65D3-8902-481B-8343-CE6A86825D9E}.Debug|x86.ActiveCfg = Debug|Any CPU
		{2C2F65D3-8902-481B-8343-CE6A86825D9E}.Debug|x86.Build.0 = Debug|Any CPU
		{2C2F65D3-8902-481B-8343-CE6A86825D9E}.Release|Any CPU.ActiveCfg = Release|Any CPU
		{2C2F65D3-8902-481B-8343-CE6A86825D9E}.Release|Any CPU.Build.0 = Release|Any CPU
		{2C2F65D3-8902-481B-8343-CE6A86825D9E}.Release|x64.ActiveCfg = Release|Any CPU
		{2C2F65D3-8902-481B-8343-CE6A86825D9E}.Release|x64.Build.0 = Release|Any CPU
		{2C2F65D3-8902-481B-8343-CE6A86825D9E}.Release|x86.ActiveCfg = Release|Any CPU
		{2C2F65D3-8902-481B-8343-CE6A86825D9E}.Release|x86.Build.0 = Release|Any CPU
		{4C346402-1A2A-4C65-A95F-8E696EE5CEC3}.Debug|Any CPU.ActiveCfg = Debug|Any CPU
		{4C346402-1A2A-4C65-A95F-8E696EE5CEC3}.Debug|Any CPU.Build.0 = Debug|Any CPU
		{4C346402-1A2A-4C65-A95F-8E696EE5CEC3}.Debug|x64.ActiveCfg = Debug|Any CPU
		{4C346402-1A2A-4C65-A95F-8E696EE5CEC3}.Debug|x64.Build.0 = Debug|Any CPU
		{4C346402-1A2A-4C65-A95F-8E696EE5CEC3}.Debug|x86.ActiveCfg = Debug|Any CPU
		{4C346402-1A2A-4C65-A95F-8E696EE5CEC3}.Debug|x86.Build.0 = Debug|Any CPU
		{4C346402-1A2A-4C65-A95F-8E696EE5CEC3}.Release|Any CPU.ActiveCfg = Release|Any CPU
		{4C346402-1A2A-4C65-A95F-8E696EE5CEC3}.Release|Any CPU.Build.0 = Release|Any CPU
		{4C346402-1A2A-4C65-A95F-8E696EE5CEC3}.Release|x64.ActiveCfg = Release|Any CPU
		{4C346402-1A2A-4C65-A95F-8E696EE5CEC3}.Release|x64.Build.0 = Release|Any CPU
		{4C346402-1A2A-4C65-A95F-8E696EE5CEC3}.Release|x86.ActiveCfg = Release|Any CPU
		{4C346402-1A2A-4C65-A95F-8E696EE5CEC3}.Release|x86.Build.0 = Release|Any CPU
		{9D449854-6932-436B-B9F6-FC298273C6F5}.Debug|Any CPU.ActiveCfg = Debug|Any CPU
		{9D449854-6932-436B-B9F6-FC298273C6F5}.Debug|Any CPU.Build.0 = Debug|Any CPU
		{9D449854-6932-436B-B9F6-FC298273C6F5}.Debug|x64.ActiveCfg = Debug|Any CPU
		{9D449854-6932-436B-B9F6-FC298273C6F5}.Debug|x64.Build.0 = Debug|Any CPU
		{9D449854-6932-436B-B9F6-FC298273C6F5}.Debug|x86.ActiveCfg = Debug|Any CPU
		{9D449854-6932-436B-B9F6-FC298273C6F5}.Debug|x86.Build.0 = Debug|Any CPU
		{9D449854-6932-436B-B9F6-FC298273C6F5}.Release|Any CPU.ActiveCfg = Release|Any CPU
		{9D449854-6932-436B-B9F6-FC298273C6F5}.Release|Any CPU.Build.0 = Release|Any CPU
		{9D449854-6932-436B-B9F6-FC298273C6F5}.Release|x64.ActiveCfg = Release|Any CPU
		{9D449854-6932-436B-B9F6-FC298273C6F5}.Release|x64.Build.0 = Release|Any CPU
		{9D449854-6932-436B-B9F6-FC298273C6F5}.Release|x86.ActiveCfg = Release|Any CPU
		{9D449854-6932-436B-B9F6-FC298273C6F5}.Release|x86.Build.0 = Release|Any CPU
		{5FDA86A9-0751-409D-9C3E-0BF344FA4CE2}.Debug|Any CPU.ActiveCfg = Debug|Any CPU
		{5FDA86A9-0751-409D-9C3E-0BF344FA4CE2}.Debug|Any CPU.Build.0 = Debug|Any CPU
		{5FDA86A9-0751-409D-9C3E-0BF344FA4CE2}.Debug|x64.ActiveCfg = Debug|Any CPU
		{5FDA86A9-0751-409D-9C3E-0BF344FA4CE2}.Debug|x64.Build.0 = Debug|Any CPU
		{5FDA86A9-0751-409D-9C3E-0BF344FA4CE2}.Debug|x86.ActiveCfg = Debug|Any CPU
		{5FDA86A9-0751-409D-9C3E-0BF344FA4CE2}.Debug|x86.Build.0 = Debug|Any CPU
		{5FDA86A9-0751-409D-9C3E-0BF344FA4CE2}.Release|Any CPU.ActiveCfg = Release|Any CPU
		{5FDA86A9-0751-409D-9C3E-0BF344FA4CE2}.Release|Any CPU.Build.0 = Release|Any CPU
		{5FDA86A9-0751-409D-9C3E-0BF344FA4CE2}.Release|x64.ActiveCfg = Release|Any CPU
		{5FDA86A9-0751-409D-9C3E-0BF344FA4CE2}.Release|x64.Build.0 = Release|Any CPU
		{5FDA86A9-0751-409D-9C3E-0BF344FA4CE2}.Release|x86.ActiveCfg = Release|Any CPU
		{5FDA86A9-0751-409D-9C3E-0BF344FA4CE2}.Release|x86.Build.0 = Release|Any CPU
		{35717DCE-7CC2-482F-A699-2FF157C2258F}.Debug|Any CPU.ActiveCfg = Debug|Any CPU
		{35717DCE-7CC2-482F-A699-2FF157C2258F}.Debug|Any CPU.Build.0 = Debug|Any CPU
		{35717DCE-7CC2-482F-A699-2FF157C2258F}.Debug|x64.ActiveCfg = Debug|Any CPU
		{35717DCE-7CC2-482F-A699-2FF157C2258F}.Debug|x64.Build.0 = Debug|Any CPU
		{35717DCE-7CC2-482F-A699-2FF157C2258F}.Debug|x86.ActiveCfg = Debug|Any CPU
		{35717DCE-7CC2-482F-A699-2FF157C2258F}.Debug|x86.Build.0 = Debug|Any CPU
		{35717DCE-7CC2-482F-A699-2FF157C2258F}.Release|Any CPU.ActiveCfg = Release|Any CPU
		{35717DCE-7CC2-482F-A699-2FF157C2258F}.Release|Any CPU.Build.0 = Release|Any CPU
		{35717DCE-7CC2-482F-A699-2FF157C2258F}.Release|x64.ActiveCfg = Release|Any CPU
		{35717DCE-7CC2-482F-A699-2FF157C2258F}.Release|x64.Build.0 = Release|Any CPU
		{35717DCE-7CC2-482F-A699-2FF157C2258F}.Release|x86.ActiveCfg = Release|Any CPU
		{35717DCE-7CC2-482F-A699-2FF157C2258F}.Release|x86.Build.0 = Release|Any CPU
		{E2CAD9E5-6843-4A9B-9A0B-1F4E1F42A6A4}.Debug|Any CPU.ActiveCfg = Debug|Any CPU
		{E2CAD9E5-6843-4A9B-9A0B-1F4E1F42A6A4}.Debug|Any CPU.Build.0 = Debug|Any CPU
		{E2CAD9E5-6843-4A9B-9A0B-1F4E1F42A6A4}.Debug|x64.ActiveCfg = Debug|Any CPU
		{E2CAD9E5-6843-4A9B-9A0B-1F4E1F42A6A4}.Debug|x64.Build.0 = Debug|Any CPU
		{E2CAD9E5-6843-4A9B-9A0B-1F4E1F42A6A4}.Debug|x86.ActiveCfg = Debug|Any CPU
		{E2CAD9E5-6843-4A9B-9A0B-1F4E1F42A6A4}.Debug|x86.Build.0 = Debug|Any CPU
		{E2CAD9E5-6843-4A9B-9A0B-1F4E1F42A6A4}.Release|Any CPU.ActiveCfg = Release|Any CPU
		{E2CAD9E5-6843-4A9B-9A0B-1F4E1F42A6A4}.Release|Any CPU.Build.0 = Release|Any CPU
		{E2CAD9E5-6843-4A9B-9A0B-1F4E1F42A6A4}.Release|x64.ActiveCfg = Release|Any CPU
		{E2CAD9E5-6843-4A9B-9A0B-1F4E1F42A6A4}.Release|x64.Build.0 = Release|Any CPU
		{E2CAD9E5-6843-4A9B-9A0B-1F4E1F42A6A4}.Release|x86.ActiveCfg = Release|Any CPU
		{E2CAD9E5-6843-4A9B-9A0B-1F4E1F42A6A4}.Release|x86.Build.0 = Release|Any CPU
		{720AC644-94A4-4AA9-AD12-543AB87BC2FC}.Debug|Any CPU.ActiveCfg = Debug|Any CPU
		{720AC644-94A4-4AA9-AD12-543AB87BC2FC}.Debug|Any CPU.Build.0 = Debug|Any CPU
		{720AC644-94A4-4AA9-AD12-543AB87BC2FC}.Debug|x64.ActiveCfg = Debug|Any CPU
		{720AC644-94A4-4AA9-AD12-543AB87BC2FC}.Debug|x64.Build.0 = Debug|Any CPU
		{720AC644-94A4-4AA9-AD12-543AB87BC2FC}.Debug|x86.ActiveCfg = Debug|Any CPU
		{720AC644-94A4-4AA9-AD12-543AB87BC2FC}.Debug|x86.Build.0 = Debug|Any CPU
		{720AC644-94A4-4AA9-AD12-543AB87BC2FC}.Release|Any CPU.ActiveCfg = Release|Any CPU
		{720AC644-94A4-4AA9-AD12-543AB87BC2FC}.Release|Any CPU.Build.0 = Release|Any CPU
		{720AC644-94A4-4AA9-AD12-543AB87BC2FC}.Release|x64.ActiveCfg = Release|Any CPU
		{720AC644-94A4-4AA9-AD12-543AB87BC2FC}.Release|x64.Build.0 = Release|Any CPU
		{720AC644-94A4-4AA9-AD12-543AB87BC2FC}.Release|x86.ActiveCfg = Release|Any CPU
		{720AC644-94A4-4AA9-AD12-543AB87BC2FC}.Release|x86.Build.0 = Release|Any CPU
		{6CFD80AD-DC8C-4228-B467-EE070CEE11AC}.Debug|Any CPU.ActiveCfg = Debug|Any CPU
		{6CFD80AD-DC8C-4228-B467-EE070CEE11AC}.Debug|Any CPU.Build.0 = Debug|Any CPU
		{6CFD80AD-DC8C-4228-B467-EE070CEE11AC}.Debug|x64.ActiveCfg = Debug|Any CPU
		{6CFD80AD-DC8C-4228-B467-EE070CEE11AC}.Debug|x64.Build.0 = Debug|Any CPU
		{6CFD80AD-DC8C-4228-B467-EE070CEE11AC}.Debug|x86.ActiveCfg = Debug|Any CPU
		{6CFD80AD-DC8C-4228-B467-EE070CEE11AC}.Debug|x86.Build.0 = Debug|Any CPU
		{6CFD80AD-DC8C-4228-B467-EE070CEE11AC}.Release|Any CPU.ActiveCfg = Release|Any CPU
		{6CFD80AD-DC8C-4228-B467-EE070CEE11AC}.Release|Any CPU.Build.0 = Release|Any CPU
		{6CFD80AD-DC8C-4228-B467-EE070CEE11AC}.Release|x64.ActiveCfg = Release|Any CPU
		{6CFD80AD-DC8C-4228-B467-EE070CEE11AC}.Release|x64.Build.0 = Release|Any CPU
		{6CFD80AD-DC8C-4228-B467-EE070CEE11AC}.Release|x86.ActiveCfg = Release|Any CPU
		{6CFD80AD-DC8C-4228-B467-EE070CEE11AC}.Release|x86.Build.0 = Release|Any CPU
	EndGlobalSection
	GlobalSection(SolutionProperties) = preSolution
		HideSolutionNode = FALSE
	EndGlobalSection
	GlobalSection(ExtensibilityGlobals) = postSolution
		SolutionGuid = {CDE5153E-0835-41A9-A40E-3E930F41F681}
	EndGlobalSection
EndGlobal
