
Microsoft Visual Studio Solution File, Format Version 12.00
# Visual Studio Version 16
VisualStudioVersion = 16.0.28917.182
MinimumVisualStudioVersion = 15.0.26124.0
Project("{9A19103F-16F7-4668-BE54-9A1E7A4F7556}") = "Dotnettency", "Dotnettency\Dotnettency.csproj", "{27306262-FF3C-4B52-A2CD-ED49F613B200}"
EndProject
Project("{2150E333-8FDC-42A3-9474-1A3956D46DE8}") = "Solution Items", "Solution Items", "{4FB5543E-ED1F-4B32-A770-2675A16E508F}"
	ProjectSection(SolutionItems) = preProject
		..\appveyor.yml = ..\appveyor.yml
		..\azure-pipelines.yml = ..\azure-pipelines.yml
		Directory.Build.props = Directory.Build.props
		..\GitVersion.yml = ..\GitVersion.yml
		global.json = global.json
		..\LICENSE = ..\LICENSE
		NuGet.config = NuGet.config
		..\README.md = ..\README.md
	EndProjectSection
EndProject
Project("{9A19103F-16F7-4668-BE54-9A1E7A4F7556}") = "Dotnettency.AspNetCore", "Dotnettency.AspNetCore\Dotnettency.AspNetCore.csproj", "{043BB5D3-63EC-4BD4-8FA6-A5BC62EB7A1E}"
EndProject
Project("{9A19103F-16F7-4668-BE54-9A1E7A4F7556}") = "Dotnettency.AspNetCore.Modules", "Dotnettency.AspNetCore.Modules\Dotnettency.AspNetCore.Modules.csproj", "{05195457-36B8-4D50-A1C8-9CA1FF8BC944}"
EndProject
Project("{9A19103F-16F7-4668-BE54-9A1E7A4F7556}") = "Dotnettency.Tests", "Dotnettency.Tests\Dotnettency.Tests.csproj", "{27BFCF41-5919-4DD6-B923-2E5F3D43AC2C}"
EndProject
Project("{2150E333-8FDC-42A3-9474-1A3956D46DE8}") = "Samples", "Samples", "{8A66EA6A-F09D-4941-8E92-4DDFDA911D42}"
EndProject
Project("{9A19103F-16F7-4668-BE54-9A1E7A4F7556}") = "Dotnettency.EFCore", "Dotnettency.EFCore\Dotnettency.EFCore.csproj", "{2A7B6E93-5999-4941-9E59-DC9D0DA977E5}"
EndProject
Project("{9A19103F-16F7-4668-BE54-9A1E7A4F7556}") = "Dotnettency.Container.Autofac", "Dotnettency.Container.Autofac\Dotnettency.Container.Autofac.csproj", "{EF36475E-8861-4770-8220-D0F6A99FAD8E}"
EndProject
Project("{9A19103F-16F7-4668-BE54-9A1E7A4F7556}") = "Sample.AspNetCore31.RazorPages", "Sample.AspNetCore30.RazorPages\Sample.AspNetCore31.RazorPages.csproj", "{684B7D02-2383-460B-879F-85188D33E04D}"
EndProject
Project("{9A19103F-16F7-4668-BE54-9A1E7A4F7556}") = "Dotnettency.EFCore.Identity", "Dotnettency.EFCore.Identity\Dotnettency.EFCore.Identity.csproj", "{45B83A10-A6E8-41D6-82A4-1CCABE6C282D}"
EndProject
Project("{9A19103F-16F7-4668-BE54-9A1E7A4F7556}") = "Dotnettency.Configuration", "Dotnettency.Configuration\Dotnettency.Configuration.csproj", "{94AB3A57-CD5A-4CFD-81AF-31CAB5744928}"
EndProject
Project("{9A19103F-16F7-4668-BE54-9A1E7A4F7556}") = "Dotnettency.VirtualFileSystem", "Dotnettency.VirtualFileSystem\Dotnettency.VirtualFileSystem.csproj", "{780513F1-1182-46AA-829C-A451CD0A8DA4}"
EndProject
Project("{9A19103F-16F7-4668-BE54-9A1E7A4F7556}") = "Dotnettency.VirtualFileSystem.Hosting", "Dotnettency.VirtualFileSystem.Hosting\Dotnettency.VirtualFileSystem.Hosting.csproj", "{D54ED835-6906-4456-95F9-2C5A18B3A3FB}"
EndProject
Project("{9A19103F-16F7-4668-BE54-9A1E7A4F7556}") = "Dotnettency.Hosting", "Dotnettency.Hosting\Dotnettency.Hosting.csproj", "{84C1996D-E3AA-4772-9D6E-3A9CE06A19CA}"
EndProject
Project("{9A19103F-16F7-4668-BE54-9A1E7A4F7556}") = "Dotnettency.DotNetGlob", "Dotnettency.DotNetGlob\Dotnettency.DotNetGlob.csproj", "{F947555A-4392-4853-9449-9AF791092C45}"
EndProject
Project("{2150E333-8FDC-42A3-9474-1A3956D46DE8}") = "AspNetCore", "AspNetCore", "{66521F8F-2082-46C6-8A1A-4698A4778EA3}"
EndProject
Project("{2150E333-8FDC-42A3-9474-1A3956D46DE8}") = "EFCore", "EFCore", "{5F75B4B5-F637-42CA-B3C5-DDD6965F02E6}"
EndProject
Project("{2150E333-8FDC-42A3-9474-1A3956D46DE8}") = "Containers", "Containers", "{A6AA115B-B003-4A1F-B4C9-9C7B6A1C60F2}"
EndProject
Project("{FAE04EC0-301F-11D3-BF4B-00C04F79EFBC}") = "Sample.AspNetCore20", "Dotnettency.Sample\Sample.AspNetCore20.csproj", "{518812A4-16AB-4C8D-86E9-AA01990F90C9}"
EndProject
Global
	GlobalSection(SolutionConfigurationPlatforms) = preSolution
		Debug|Any CPU = Debug|Any CPU
		Debug|x64 = Debug|x64
		Debug|x86 = Debug|x86
		Release|Any CPU = Release|Any CPU
		Release|x64 = Release|x64
		Release|x86 = Release|x86
	EndGlobalSection
	GlobalSection(ProjectConfigurationPlatforms) = postSolution
		{27306262-FF3C-4B52-A2CD-ED49F613B200}.Debug|Any CPU.ActiveCfg = Debug|Any CPU
		{27306262-FF3C-4B52-A2CD-ED49F613B200}.Debug|Any CPU.Build.0 = Debug|Any CPU
		{27306262-FF3C-4B52-A2CD-ED49F613B200}.Debug|x64.ActiveCfg = Debug|Any CPU
		{27306262-FF3C-4B52-A2CD-ED49F613B200}.Debug|x64.Build.0 = Debug|Any CPU
		{27306262-FF3C-4B52-A2CD-ED49F613B200}.Debug|x86.ActiveCfg = Debug|Any CPU
		{27306262-FF3C-4B52-A2CD-ED49F613B200}.Debug|x86.Build.0 = Debug|Any CPU
		{27306262-FF3C-4B52-A2CD-ED49F613B200}.Release|Any CPU.ActiveCfg = Release|Any CPU
		{27306262-FF3C-4B52-A2CD-ED49F613B200}.Release|Any CPU.Build.0 = Release|Any CPU
		{27306262-FF3C-4B52-A2CD-ED49F613B200}.Release|x64.ActiveCfg = Release|Any CPU
		{27306262-FF3C-4B52-A2CD-ED49F613B200}.Release|x64.Build.0 = Release|Any CPU
		{27306262-FF3C-4B52-A2CD-ED49F613B200}.Release|x86.ActiveCfg = Release|Any CPU
		{27306262-FF3C-4B52-A2CD-ED49F613B200}.Release|x86.Build.0 = Release|Any CPU
		{043BB5D3-63EC-4BD4-8FA6-A5BC62EB7A1E}.Debug|Any CPU.ActiveCfg = Debug|Any CPU
		{043BB5D3-63EC-4BD4-8FA6-A5BC62EB7A1E}.Debug|Any CPU.Build.0 = Debug|Any CPU
		{043BB5D3-63EC-4BD4-8FA6-A5BC62EB7A1E}.Debug|x64.ActiveCfg = Debug|Any CPU
		{043BB5D3-63EC-4BD4-8FA6-A5BC62EB7A1E}.Debug|x64.Build.0 = Debug|Any CPU
		{043BB5D3-63EC-4BD4-8FA6-A5BC62EB7A1E}.Debug|x86.ActiveCfg = Debug|Any CPU
		{043BB5D3-63EC-4BD4-8FA6-A5BC62EB7A1E}.Debug|x86.Build.0 = Debug|Any CPU
		{043BB5D3-63EC-4BD4-8FA6-A5BC62EB7A1E}.Release|Any CPU.ActiveCfg = Release|Any CPU
		{043BB5D3-63EC-4BD4-8FA6-A5BC62EB7A1E}.Release|Any CPU.Build.0 = Release|Any CPU
		{043BB5D3-63EC-4BD4-8FA6-A5BC62EB7A1E}.Release|x64.ActiveCfg = Release|Any CPU
		{043BB5D3-63EC-4BD4-8FA6-A5BC62EB7A1E}.Release|x64.Build.0 = Release|Any CPU
		{043BB5D3-63EC-4BD4-8FA6-A5BC62EB7A1E}.Release|x86.ActiveCfg = Release|Any CPU
		{043BB5D3-63EC-4BD4-8FA6-A5BC62EB7A1E}.Release|x86.Build.0 = Release|Any CPU
		{05195457-36B8-4D50-A1C8-9CA1FF8BC944}.Debug|Any CPU.ActiveCfg = Debug|Any CPU
		{05195457-36B8-4D50-A1C8-9CA1FF8BC944}.Debug|Any CPU.Build.0 = Debug|Any CPU
		{05195457-36B8-4D50-A1C8-9CA1FF8BC944}.Debug|x64.ActiveCfg = Debug|Any CPU
		{05195457-36B8-4D50-A1C8-9CA1FF8BC944}.Debug|x64.Build.0 = Debug|Any CPU
		{05195457-36B8-4D50-A1C8-9CA1FF8BC944}.Debug|x86.ActiveCfg = Debug|Any CPU
		{05195457-36B8-4D50-A1C8-9CA1FF8BC944}.Debug|x86.Build.0 = Debug|Any CPU
		{05195457-36B8-4D50-A1C8-9CA1FF8BC944}.Release|Any CPU.ActiveCfg = Release|Any CPU
		{05195457-36B8-4D50-A1C8-9CA1FF8BC944}.Release|Any CPU.Build.0 = Release|Any CPU
		{05195457-36B8-4D50-A1C8-9CA1FF8BC944}.Release|x64.ActiveCfg = Release|Any CPU
		{05195457-36B8-4D50-A1C8-9CA1FF8BC944}.Release|x64.Build.0 = Release|Any CPU
		{05195457-36B8-4D50-A1C8-9CA1FF8BC944}.Release|x86.ActiveCfg = Release|Any CPU
		{05195457-36B8-4D50-A1C8-9CA1FF8BC944}.Release|x86.Build.0 = Release|Any CPU
		{27BFCF41-5919-4DD6-B923-2E5F3D43AC2C}.Debug|Any CPU.ActiveCfg = Debug|Any CPU
		{27BFCF41-5919-4DD6-B923-2E5F3D43AC2C}.Debug|Any CPU.Build.0 = Debug|Any CPU
		{27BFCF41-5919-4DD6-B923-2E5F3D43AC2C}.Debug|x64.ActiveCfg = Debug|Any CPU
		{27BFCF41-5919-4DD6-B923-2E5F3D43AC2C}.Debug|x64.Build.0 = Debug|Any CPU
		{27BFCF41-5919-4DD6-B923-2E5F3D43AC2C}.Debug|x86.ActiveCfg = Debug|Any CPU
		{27BFCF41-5919-4DD6-B923-2E5F3D43AC2C}.Debug|x86.Build.0 = Debug|Any CPU
		{27BFCF41-5919-4DD6-B923-2E5F3D43AC2C}.Release|Any CPU.ActiveCfg = Release|Any CPU
		{27BFCF41-5919-4DD6-B923-2E5F3D43AC2C}.Release|Any CPU.Build.0 = Release|Any CPU
		{27BFCF41-5919-4DD6-B923-2E5F3D43AC2C}.Release|x64.ActiveCfg = Release|Any CPU
		{27BFCF41-5919-4DD6-B923-2E5F3D43AC2C}.Release|x64.Build.0 = Release|Any CPU
		{27BFCF41-5919-4DD6-B923-2E5F3D43AC2C}.Release|x86.ActiveCfg = Release|Any CPU
		{27BFCF41-5919-4DD6-B923-2E5F3D43AC2C}.Release|x86.Build.0 = Release|Any CPU
		{2A7B6E93-5999-4941-9E59-DC9D0DA977E5}.Debug|Any CPU.ActiveCfg = Debug|Any CPU
		{2A7B6E93-5999-4941-9E59-DC9D0DA977E5}.Debug|Any CPU.Build.0 = Debug|Any CPU
		{2A7B6E93-5999-4941-9E59-DC9D0DA977E5}.Debug|x64.ActiveCfg = Debug|Any CPU
		{2A7B6E93-5999-4941-9E59-DC9D0DA977E5}.Debug|x64.Build.0 = Debug|Any CPU
		{2A7B6E93-5999-4941-9E59-DC9D0DA977E5}.Debug|x86.ActiveCfg = Debug|Any CPU
		{2A7B6E93-5999-4941-9E59-DC9D0DA977E5}.Debug|x86.Build.0 = Debug|Any CPU
		{2A7B6E93-5999-4941-9E59-DC9D0DA977E5}.Release|Any CPU.ActiveCfg = Release|Any CPU
		{2A7B6E93-5999-4941-9E59-DC9D0DA977E5}.Release|Any CPU.Build.0 = Release|Any CPU
		{2A7B6E93-5999-4941-9E59-DC9D0DA977E5}.Release|x64.ActiveCfg = Release|Any CPU
		{2A7B6E93-5999-4941-9E59-DC9D0DA977E5}.Release|x64.Build.0 = Release|Any CPU
		{2A7B6E93-5999-4941-9E59-DC9D0DA977E5}.Release|x86.ActiveCfg = Release|Any CPU
		{2A7B6E93-5999-4941-9E59-DC9D0DA977E5}.Release|x86.Build.0 = Release|Any CPU
		{EF36475E-8861-4770-8220-D0F6A99FAD8E}.Debug|Any CPU.ActiveCfg = Debug|Any CPU
		{EF36475E-8861-4770-8220-D0F6A99FAD8E}.Debug|Any CPU.Build.0 = Debug|Any CPU
		{EF36475E-8861-4770-8220-D0F6A99FAD8E}.Debug|x64.ActiveCfg = Debug|Any CPU
		{EF36475E-8861-4770-8220-D0F6A99FAD8E}.Debug|x64.Build.0 = Debug|Any CPU
		{EF36475E-8861-4770-8220-D0F6A99FAD8E}.Debug|x86.ActiveCfg = Debug|Any CPU
		{EF36475E-8861-4770-8220-D0F6A99FAD8E}.Debug|x86.Build.0 = Debug|Any CPU
		{EF36475E-8861-4770-8220-D0F6A99FAD8E}.Release|Any CPU.ActiveCfg = Release|Any CPU
		{EF36475E-8861-4770-8220-D0F6A99FAD8E}.Release|Any CPU.Build.0 = Release|Any CPU
		{EF36475E-8861-4770-8220-D0F6A99FAD8E}.Release|x64.ActiveCfg = Release|Any CPU
		{EF36475E-8861-4770-8220-D0F6A99FAD8E}.Release|x64.Build.0 = Release|Any CPU
		{EF36475E-8861-4770-8220-D0F6A99FAD8E}.Release|x86.ActiveCfg = Release|Any CPU
		{EF36475E-8861-4770-8220-D0F6A99FAD8E}.Release|x86.Build.0 = Release|Any CPU
		{684B7D02-2383-460B-879F-85188D33E04D}.Debug|Any CPU.ActiveCfg = Debug|Any CPU
		{684B7D02-2383-460B-879F-85188D33E04D}.Debug|Any CPU.Build.0 = Debug|Any CPU
		{684B7D02-2383-460B-879F-85188D33E04D}.Debug|x64.ActiveCfg = Debug|Any CPU
		{684B7D02-2383-460B-879F-85188D33E04D}.Debug|x64.Build.0 = Debug|Any CPU
		{684B7D02-2383-460B-879F-85188D33E04D}.Debug|x86.ActiveCfg = Debug|Any CPU
		{684B7D02-2383-460B-879F-85188D33E04D}.Debug|x86.Build.0 = Debug|Any CPU
		{684B7D02-2383-460B-879F-85188D33E04D}.Release|Any CPU.ActiveCfg = Release|Any CPU
		{684B7D02-2383-460B-879F-85188D33E04D}.Release|Any CPU.Build.0 = Release|Any CPU
		{684B7D02-2383-460B-879F-85188D33E04D}.Release|x64.ActiveCfg = Release|Any CPU
		{684B7D02-2383-460B-879F-85188D33E04D}.Release|x64.Build.0 = Release|Any CPU
		{684B7D02-2383-460B-879F-85188D33E04D}.Release|x86.ActiveCfg = Release|Any CPU
		{684B7D02-2383-460B-879F-85188D33E04D}.Release|x86.Build.0 = Release|Any CPU
		{45B83A10-A6E8-41D6-82A4-1CCABE6C282D}.Debug|Any CPU.ActiveCfg = Debug|Any CPU
		{45B83A10-A6E8-41D6-82A4-1CCABE6C282D}.Debug|Any CPU.Build.0 = Debug|Any CPU
		{45B83A10-A6E8-41D6-82A4-1CCABE6C282D}.Debug|x64.ActiveCfg = Debug|Any CPU
		{45B83A10-A6E8-41D6-82A4-1CCABE6C282D}.Debug|x64.Build.0 = Debug|Any CPU
		{45B83A10-A6E8-41D6-82A4-1CCABE6C282D}.Debug|x86.ActiveCfg = Debug|Any CPU
		{45B83A10-A6E8-41D6-82A4-1CCABE6C282D}.Debug|x86.Build.0 = Debug|Any CPU
		{45B83A10-A6E8-41D6-82A4-1CCABE6C282D}.Release|Any CPU.ActiveCfg = Release|Any CPU
		{45B83A10-A6E8-41D6-82A4-1CCABE6C282D}.Release|Any CPU.Build.0 = Release|Any CPU
		{45B83A10-A6E8-41D6-82A4-1CCABE6C282D}.Release|x64.ActiveCfg = Release|Any CPU
		{45B83A10-A6E8-41D6-82A4-1CCABE6C282D}.Release|x64.Build.0 = Release|Any CPU
		{45B83A10-A6E8-41D6-82A4-1CCABE6C282D}.Release|x86.ActiveCfg = Release|Any CPU
		{45B83A10-A6E8-41D6-82A4-1CCABE6C282D}.Release|x86.Build.0 = Release|Any CPU
		{94AB3A57-CD5A-4CFD-81AF-31CAB5744928}.Debug|Any CPU.ActiveCfg = Debug|Any CPU
		{94AB3A57-CD5A-4CFD-81AF-31CAB5744928}.Debug|Any CPU.Build.0 = Debug|Any CPU
		{94AB3A57-CD5A-4CFD-81AF-31CAB5744928}.Debug|x64.ActiveCfg = Debug|Any CPU
		{94AB3A57-CD5A-4CFD-81AF-31CAB5744928}.Debug|x64.Build.0 = Debug|Any CPU
		{94AB3A57-CD5A-4CFD-81AF-31CAB5744928}.Debug|x86.ActiveCfg = Debug|Any CPU
		{94AB3A57-CD5A-4CFD-81AF-31CAB5744928}.Debug|x86.Build.0 = Debug|Any CPU
		{94AB3A57-CD5A-4CFD-81AF-31CAB5744928}.Release|Any CPU.ActiveCfg = Release|Any CPU
		{94AB3A57-CD5A-4CFD-81AF-31CAB5744928}.Release|Any CPU.Build.0 = Release|Any CPU
		{94AB3A57-CD5A-4CFD-81AF-31CAB5744928}.Release|x64.ActiveCfg = Release|Any CPU
		{94AB3A57-CD5A-4CFD-81AF-31CAB5744928}.Release|x64.Build.0 = Release|Any CPU
		{94AB3A57-CD5A-4CFD-81AF-31CAB5744928}.Release|x86.ActiveCfg = Release|Any CPU
		{94AB3A57-CD5A-4CFD-81AF-31CAB5744928}.Release|x86.Build.0 = Release|Any CPU
		{780513F1-1182-46AA-829C-A451CD0A8DA4}.Debug|Any CPU.ActiveCfg = Debug|Any CPU
		{780513F1-1182-46AA-829C-A451CD0A8DA4}.Debug|Any CPU.Build.0 = Debug|Any CPU
		{780513F1-1182-46AA-829C-A451CD0A8DA4}.Debug|x64.ActiveCfg = Debug|Any CPU
		{780513F1-1182-46AA-829C-A451CD0A8DA4}.Debug|x64.Build.0 = Debug|Any CPU
		{780513F1-1182-46AA-829C-A451CD0A8DA4}.Debug|x86.ActiveCfg = Debug|Any CPU
		{780513F1-1182-46AA-829C-A451CD0A8DA4}.Debug|x86.Build.0 = Debug|Any CPU
		{780513F1-1182-46AA-829C-A451CD0A8DA4}.Release|Any CPU.ActiveCfg = Release|Any CPU
		{780513F1-1182-46AA-829C-A451CD0A8DA4}.Release|Any CPU.Build.0 = Release|Any CPU
		{780513F1-1182-46AA-829C-A451CD0A8DA4}.Release|x64.ActiveCfg = Release|Any CPU
		{780513F1-1182-46AA-829C-A451CD0A8DA4}.Release|x64.Build.0 = Release|Any CPU
		{780513F1-1182-46AA-829C-A451CD0A8DA4}.Release|x86.ActiveCfg = Release|Any CPU
		{780513F1-1182-46AA-829C-A451CD0A8DA4}.Release|x86.Build.0 = Release|Any CPU
		{D54ED835-6906-4456-95F9-2C5A18B3A3FB}.Debug|Any CPU.ActiveCfg = Debug|Any CPU
		{D54ED835-6906-4456-95F9-2C5A18B3A3FB}.Debug|Any CPU.Build.0 = Debug|Any CPU
		{D54ED835-6906-4456-95F9-2C5A18B3A3FB}.Debug|x64.ActiveCfg = Debug|Any CPU
		{D54ED835-6906-4456-95F9-2C5A18B3A3FB}.Debug|x64.Build.0 = Debug|Any CPU
		{D54ED835-6906-4456-95F9-2C5A18B3A3FB}.Debug|x86.ActiveCfg = Debug|Any CPU
		{D54ED835-6906-4456-95F9-2C5A18B3A3FB}.Debug|x86.Build.0 = Debug|Any CPU
		{D54ED835-6906-4456-95F9-2C5A18B3A3FB}.Release|Any CPU.ActiveCfg = Release|Any CPU
		{D54ED835-6906-4456-95F9-2C5A18B3A3FB}.Release|Any CPU.Build.0 = Release|Any CPU
		{D54ED835-6906-4456-95F9-2C5A18B3A3FB}.Release|x64.ActiveCfg = Release|Any CPU
		{D54ED835-6906-4456-95F9-2C5A18B3A3FB}.Release|x64.Build.0 = Release|Any CPU
		{D54ED835-6906-4456-95F9-2C5A18B3A3FB}.Release|x86.ActiveCfg = Release|Any CPU
		{D54ED835-6906-4456-95F9-2C5A18B3A3FB}.Release|x86.Build.0 = Release|Any CPU
		{84C1996D-E3AA-4772-9D6E-3A9CE06A19CA}.Debug|Any CPU.ActiveCfg = Debug|Any CPU
		{84C1996D-E3AA-4772-9D6E-3A9CE06A19CA}.Debug|Any CPU.Build.0 = Debug|Any CPU
		{84C1996D-E3AA-4772-9D6E-3A9CE06A19CA}.Debug|x64.ActiveCfg = Debug|Any CPU
		{84C1996D-E3AA-4772-9D6E-3A9CE06A19CA}.Debug|x64.Build.0 = Debug|Any CPU
		{84C1996D-E3AA-4772-9D6E-3A9CE06A19CA}.Debug|x86.ActiveCfg = Debug|Any CPU
		{84C1996D-E3AA-4772-9D6E-3A9CE06A19CA}.Debug|x86.Build.0 = Debug|Any CPU
		{84C1996D-E3AA-4772-9D6E-3A9CE06A19CA}.Release|Any CPU.ActiveCfg = Release|Any CPU
		{84C1996D-E3AA-4772-9D6E-3A9CE06A19CA}.Release|Any CPU.Build.0 = Release|Any CPU
		{84C1996D-E3AA-4772-9D6E-3A9CE06A19CA}.Release|x64.ActiveCfg = Release|Any CPU
		{84C1996D-E3AA-4772-9D6E-3A9CE06A19CA}.Release|x64.Build.0 = Release|Any CPU
		{84C1996D-E3AA-4772-9D6E-3A9CE06A19CA}.Release|x86.ActiveCfg = Release|Any CPU
		{84C1996D-E3AA-4772-9D6E-3A9CE06A19CA}.Release|x86.Build.0 = Release|Any CPU
		{F947555A-4392-4853-9449-9AF791092C45}.Debug|Any CPU.ActiveCfg = Debug|Any CPU
		{F947555A-4392-4853-9449-9AF791092C45}.Debug|Any CPU.Build.0 = Debug|Any CPU
		{F947555A-4392-4853-9449-9AF791092C45}.Debug|x64.ActiveCfg = Debug|Any CPU
		{F947555A-4392-4853-9449-9AF791092C45}.Debug|x64.Build.0 = Debug|Any CPU
		{F947555A-4392-4853-9449-9AF791092C45}.Debug|x86.ActiveCfg = Debug|Any CPU
		{F947555A-4392-4853-9449-9AF791092C45}.Debug|x86.Build.0 = Debug|Any CPU
		{F947555A-4392-4853-9449-9AF791092C45}.Release|Any CPU.ActiveCfg = Release|Any CPU
		{F947555A-4392-4853-9449-9AF791092C45}.Release|Any CPU.Build.0 = Release|Any CPU
		{F947555A-4392-4853-9449-9AF791092C45}.Release|x64.ActiveCfg = Release|Any CPU
		{F947555A-4392-4853-9449-9AF791092C45}.Release|x64.Build.0 = Release|Any CPU
		{F947555A-4392-4853-9449-9AF791092C45}.Release|x86.ActiveCfg = Release|Any CPU
		{F947555A-4392-4853-9449-9AF791092C45}.Release|x86.Build.0 = Release|Any CPU
		{518812A4-16AB-4C8D-86E9-AA01990F90C9}.Debug|Any CPU.ActiveCfg = Debug|Any CPU
		{518812A4-16AB-4C8D-86E9-AA01990F90C9}.Debug|Any CPU.Build.0 = Debug|Any CPU
		{518812A4-16AB-4C8D-86E9-AA01990F90C9}.Debug|x64.ActiveCfg = Debug|Any CPU
		{518812A4-16AB-4C8D-86E9-AA01990F90C9}.Debug|x64.Build.0 = Debug|Any CPU
		{518812A4-16AB-4C8D-86E9-AA01990F90C9}.Debug|x86.ActiveCfg = Debug|Any CPU
		{518812A4-16AB-4C8D-86E9-AA01990F90C9}.Debug|x86.Build.0 = Debug|Any CPU
		{518812A4-16AB-4C8D-86E9-AA01990F90C9}.Release|Any CPU.ActiveCfg = Release|Any CPU
		{518812A4-16AB-4C8D-86E9-AA01990F90C9}.Release|Any CPU.Build.0 = Release|Any CPU
		{518812A4-16AB-4C8D-86E9-AA01990F90C9}.Release|x64.ActiveCfg = Release|Any CPU
		{518812A4-16AB-4C8D-86E9-AA01990F90C9}.Release|x64.Build.0 = Release|Any CPU
		{518812A4-16AB-4C8D-86E9-AA01990F90C9}.Release|x86.ActiveCfg = Release|Any CPU
		{518812A4-16AB-4C8D-86E9-AA01990F90C9}.Release|x86.Build.0 = Release|Any CPU
	EndGlobalSection
	GlobalSection(SolutionProperties) = preSolution
		HideSolutionNode = FALSE
	EndGlobalSection
	GlobalSection(NestedProjects) = preSolution
		{043BB5D3-63EC-4BD4-8FA6-A5BC62EB7A1E} = {66521F8F-2082-46C6-8A1A-4698A4778EA3}
		{05195457-36B8-4D50-A1C8-9CA1FF8BC944} = {66521F8F-2082-46C6-8A1A-4698A4778EA3}
		{2A7B6E93-5999-4941-9E59-DC9D0DA977E5} = {5F75B4B5-F637-42CA-B3C5-DDD6965F02E6}
		{EF36475E-8861-4770-8220-D0F6A99FAD8E} = {A6AA115B-B003-4A1F-B4C9-9C7B6A1C60F2}
		{684B7D02-2383-460B-879F-85188D33E04D} = {8A66EA6A-F09D-4941-8E92-4DDFDA911D42}
		{45B83A10-A6E8-41D6-82A4-1CCABE6C282D} = {5F75B4B5-F637-42CA-B3C5-DDD6965F02E6}
		{518812A4-16AB-4C8D-86E9-AA01990F90C9} = {8A66EA6A-F09D-4941-8E92-4DDFDA911D42}
	EndGlobalSection
	GlobalSection(ExtensibilityGlobals) = postSolution
		SolutionGuid = {CDE5153E-0835-41A9-A40E-3E930F41F681}
	EndGlobalSection
EndGlobal
