
Microsoft Visual Studio Solution File, Format Version 12.00
# Visual Studio 15
VisualStudioVersion = 15.0.27004.2009
MinimumVisualStudioVersion = 15.0.26124.0
Project("{9A19103F-16F7-4668-BE54-9A1E7A4F7556}") = "Dotnettency", "Dotnettency\Dotnettency.csproj", "{27306262-FF3C-4B52-A2CD-ED49F613B200}"
EndProject
Project("{9A19103F-16F7-4668-BE54-9A1E7A4F7556}") = "Sample", "Dotnettency.Sample\Sample.csproj", "{4C346402-1A2A-4C65-A95F-8E696EE5CEC3}"
EndProject
Project("{9A19103F-16F7-4668-BE54-9A1E7A4F7556}") = "Dotnettency.Container", "Dotnettency.Container\Dotnettency.Container.csproj", "{9D449854-6932-436B-B9F6-FC298273C6F5}"
EndProject
Project("{9A19103F-16F7-4668-BE54-9A1E7A4F7556}") = "Dotnettency.Container.StructureMap", "Dotnettency.Container.StructureMap\Dotnettency.Container.StructureMap.csproj", "{5FDA86A9-0751-409D-9C3E-0BF344FA4CE2}"
EndProject
Project("{2150E333-8FDC-42A3-9474-1A3956D46DE8}") = "Solution Items", "Solution Items", "{4FB5543E-ED1F-4B32-A770-2675A16E508F}"
	ProjectSection(SolutionItems) = preProject
		..\appveyor.yml = ..\appveyor.yml
		..\GitVersion.yml = ..\GitVersion.yml
		..\LICENSE = ..\LICENSE
		NuGet.config = NuGet.config
		..\README.md = ..\README.md
	EndProjectSection
EndProject
Project("{9A19103F-16F7-4668-BE54-9A1E7A4F7556}") = "Sample.Mvc", "Sample.Mvc\Sample.Mvc.csproj", "{35717DCE-7CC2-482F-A699-2FF157C2258F}"
EndProject
Project("{9A19103F-16F7-4668-BE54-9A1E7A4F7556}") = "Dotnettency.AspNetCore", "Dotnettency.AspNetCore\Dotnettency.AspNetCore.csproj", "{043BB5D3-63EC-4BD4-8FA6-A5BC62EB7A1E}"
EndProject
Project("{9A19103F-16F7-4668-BE54-9A1E7A4F7556}") = "Dotnettency.AspNetCore.Container", "Dotnettency.AspNetCore.Container\Dotnettency.AspNetCore.Container.csproj", "{A0540A48-8F67-4A52-9B54-7801C22F5679}"
EndProject
Project("{9A19103F-16F7-4668-BE54-9A1E7A4F7556}") = "Dotnettency.TenantFileSystem", "Dotnettency.TenantFileSystem\Dotnettency.TenantFileSystem.csproj", "{AF9243F7-FE10-45EF-B936-FD790585304A}"
EndProject
Project("{9A19103F-16F7-4668-BE54-9A1E7A4F7556}") = "Dotnettency.AspNetCore.HostingEnvironment", "Dotnettency.AspNetCore.HostingEnvironment\Dotnettency.AspNetCore.HostingEnvironment.csproj", "{7CB875C0-91D8-48E2-99EE-5D4C479E2AE6}"
EndProject
Project("{9A19103F-16F7-4668-BE54-9A1E7A4F7556}") = "Dotnettency.AspNetCore.MiddlewarePipeline", "Dotnettency.AspNetCore.MiddlewarePipeline\Dotnettency.AspNetCore.MiddlewarePipeline.csproj", "{5F5F8ABA-516B-44EB-AA76-CAD866D8B894}"
EndProject
Project("{9A19103F-16F7-4668-BE54-9A1E7A4F7556}") = "Dotnettency.AspNetCore.Modules", "Dotnettency.AspNetCore.Modules\Dotnettency.AspNetCore.Modules.csproj", "{05195457-36B8-4D50-A1C8-9CA1FF8BC944}"
EndProject
Project("{9A19103F-16F7-4668-BE54-9A1E7A4F7556}") = "Dotnettency.Tests", "Dotnettency.Tests\Dotnettency.Tests.csproj", "{27BFCF41-5919-4DD6-B923-2E5F3D43AC2C}"
EndProject
Project("{2150E333-8FDC-42A3-9474-1A3956D46DE8}") = "Samples", "Samples", "{8A66EA6A-F09D-4941-8E92-4DDFDA911D42}"
EndProject
Project("{9A19103F-16F7-4668-BE54-9A1E7A4F7556}") = "Dotnettency.EFCore", "Dotnettency.EFCore\Dotnettency.EFCore.csproj", "{2A7B6E93-5999-4941-9E59-DC9D0DA977E5}"
EndProject
Project("{9A19103F-16F7-4668-BE54-9A1E7A4F7556}") = "Sample.RazorPages", "Sample.RazorPages\Sample.RazorPages.csproj", "{6D653917-8C6C-4F99-9075-421DE246FEF0}"
EndProject
Project("{FAE04EC0-301F-11D3-BF4B-00C04F79EFBC}") = "Dotnettency.Container.Autofac", "Dotnettency.Container.Autofac\Dotnettency.Container.Autofac.csproj", "{EF36475E-8861-4770-8220-D0F6A99FAD8E}"
EndProject
Global
	GlobalSection(SolutionConfigurationPlatforms) = preSolution
		Debug|Any CPU = Debug|Any CPU
		Debug|x64 = Debug|x64
		Debug|x86 = Debug|x86
		Release|Any CPU = Release|Any CPU
		Release|x64 = Release|x64
		Release|x86 = Release|x86
	EndGlobalSection
	GlobalSection(ProjectConfigurationPlatforms) = postSolution
		{27306262-FF3C-4B52-A2CD-ED49F613B200}.Debug|Any CPU.ActiveCfg = Debug|Any CPU
		{27306262-FF3C-4B52-A2CD-ED49F613B200}.Debug|Any CPU.Build.0 = Debug|Any CPU
		{27306262-FF3C-4B52-A2CD-ED49F613B200}.Debug|x64.ActiveCfg = Debug|Any CPU
		{27306262-FF3C-4B52-A2CD-ED49F613B200}.Debug|x64.Build.0 = Debug|Any CPU
		{27306262-FF3C-4B52-A2CD-ED49F613B200}.Debug|x86.ActiveCfg = Debug|Any CPU
		{27306262-FF3C-4B52-A2CD-ED49F613B200}.Debug|x86.Build.0 = Debug|Any CPU
		{27306262-FF3C-4B52-A2CD-ED49F613B200}.Release|Any CPU.ActiveCfg = Release|Any CPU
		{27306262-FF3C-4B52-A2CD-ED49F613B200}.Release|Any CPU.Build.0 = Release|Any CPU
		{27306262-FF3C-4B52-A2CD-ED49F613B200}.Release|x64.ActiveCfg = Release|Any CPU
		{27306262-FF3C-4B52-A2CD-ED49F613B200}.Release|x64.Build.0 = Release|Any CPU
		{27306262-FF3C-4B52-A2CD-ED49F613B200}.Release|x86.ActiveCfg = Release|Any CPU
		{27306262-FF3C-4B52-A2CD-ED49F613B200}.Release|x86.Build.0 = Release|Any CPU
		{4C346402-1A2A-4C65-A95F-8E696EE5CEC3}.Debug|Any CPU.ActiveCfg = Debug|Any CPU
		{4C346402-1A2A-4C65-A95F-8E696EE5CEC3}.Debug|Any CPU.Build.0 = Debug|Any CPU
		{4C346402-1A2A-4C65-A95F-8E696EE5CEC3}.Debug|x64.ActiveCfg = Debug|Any CPU
		{4C346402-1A2A-4C65-A95F-8E696EE5CEC3}.Debug|x64.Build.0 = Debug|Any CPU
		{4C346402-1A2A-4C65-A95F-8E696EE5CEC3}.Debug|x86.ActiveCfg = Debug|Any CPU
		{4C346402-1A2A-4C65-A95F-8E696EE5CEC3}.Debug|x86.Build.0 = Debug|Any CPU
		{4C346402-1A2A-4C65-A95F-8E696EE5CEC3}.Release|Any CPU.ActiveCfg = Release|Any CPU
		{4C346402-1A2A-4C65-A95F-8E696EE5CEC3}.Release|Any CPU.Build.0 = Release|Any CPU
		{4C346402-1A2A-4C65-A95F-8E696EE5CEC3}.Release|x64.ActiveCfg = Release|Any CPU
		{4C346402-1A2A-4C65-A95F-8E696EE5CEC3}.Release|x64.Build.0 = Release|Any CPU
		{4C346402-1A2A-4C65-A95F-8E696EE5CEC3}.Release|x86.ActiveCfg = Release|Any CPU
		{4C346402-1A2A-4C65-A95F-8E696EE5CEC3}.Release|x86.Build.0 = Release|Any CPU
		{9D449854-6932-436B-B9F6-FC298273C6F5}.Debug|Any CPU.ActiveCfg = Debug|Any CPU
		{9D449854-6932-436B-B9F6-FC298273C6F5}.Debug|Any CPU.Build.0 = Debug|Any CPU
		{9D449854-6932-436B-B9F6-FC298273C6F5}.Debug|x64.ActiveCfg = Debug|Any CPU
		{9D449854-6932-436B-B9F6-FC298273C6F5}.Debug|x64.Build.0 = Debug|Any CPU
		{9D449854-6932-436B-B9F6-FC298273C6F5}.Debug|x86.ActiveCfg = Debug|Any CPU
		{9D449854-6932-436B-B9F6-FC298273C6F5}.Debug|x86.Build.0 = Debug|Any CPU
		{9D449854-6932-436B-B9F6-FC298273C6F5}.Release|Any CPU.ActiveCfg = Release|Any CPU
		{9D449854-6932-436B-B9F6-FC298273C6F5}.Release|Any CPU.Build.0 = Release|Any CPU
		{9D449854-6932-436B-B9F6-FC298273C6F5}.Release|x64.ActiveCfg = Release|Any CPU
		{9D449854-6932-436B-B9F6-FC298273C6F5}.Release|x64.Build.0 = Release|Any CPU
		{9D449854-6932-436B-B9F6-FC298273C6F5}.Release|x86.ActiveCfg = Release|Any CPU
		{9D449854-6932-436B-B9F6-FC298273C6F5}.Release|x86.Build.0 = Release|Any CPU
		{5FDA86A9-0751-409D-9C3E-0BF344FA4CE2}.Debug|Any CPU.ActiveCfg = Debug|Any CPU
		{5FDA86A9-0751-409D-9C3E-0BF344FA4CE2}.Debug|Any CPU.Build.0 = Debug|Any CPU
		{5FDA86A9-0751-409D-9C3E-0BF344FA4CE2}.Debug|x64.ActiveCfg = Debug|Any CPU
		{5FDA86A9-0751-409D-9C3E-0BF344FA4CE2}.Debug|x64.Build.0 = Debug|Any CPU
		{5FDA86A9-0751-409D-9C3E-0BF344FA4CE2}.Debug|x86.ActiveCfg = Debug|Any CPU
		{5FDA86A9-0751-409D-9C3E-0BF344FA4CE2}.Debug|x86.Build.0 = Debug|Any CPU
		{5FDA86A9-0751-409D-9C3E-0BF344FA4CE2}.Release|Any CPU.ActiveCfg = Release|Any CPU
		{5FDA86A9-0751-409D-9C3E-0BF344FA4CE2}.Release|Any CPU.Build.0 = Release|Any CPU
		{5FDA86A9-0751-409D-9C3E-0BF344FA4CE2}.Release|x64.ActiveCfg = Release|Any CPU
		{5FDA86A9-0751-409D-9C3E-0BF344FA4CE2}.Release|x64.Build.0 = Release|Any CPU
		{5FDA86A9-0751-409D-9C3E-0BF344FA4CE2}.Release|x86.ActiveCfg = Release|Any CPU
		{5FDA86A9-0751-409D-9C3E-0BF344FA4CE2}.Release|x86.Build.0 = Release|Any CPU
		{35717DCE-7CC2-482F-A699-2FF157C2258F}.Debug|Any CPU.ActiveCfg = Debug|Any CPU
		{35717DCE-7CC2-482F-A699-2FF157C2258F}.Debug|Any CPU.Build.0 = Debug|Any CPU
		{35717DCE-7CC2-482F-A699-2FF157C2258F}.Debug|x64.ActiveCfg = Debug|Any CPU
		{35717DCE-7CC2-482F-A699-2FF157C2258F}.Debug|x64.Build.0 = Debug|Any CPU
		{35717DCE-7CC2-482F-A699-2FF157C2258F}.Debug|x86.ActiveCfg = Debug|Any CPU
		{35717DCE-7CC2-482F-A699-2FF157C2258F}.Debug|x86.Build.0 = Debug|Any CPU
		{35717DCE-7CC2-482F-A699-2FF157C2258F}.Release|Any CPU.ActiveCfg = Release|Any CPU
		{35717DCE-7CC2-482F-A699-2FF157C2258F}.Release|Any CPU.Build.0 = Release|Any CPU
		{35717DCE-7CC2-482F-A699-2FF157C2258F}.Release|x64.ActiveCfg = Release|Any CPU
		{35717DCE-7CC2-482F-A699-2FF157C2258F}.Release|x64.Build.0 = Release|Any CPU
		{35717DCE-7CC2-482F-A699-2FF157C2258F}.Release|x86.ActiveCfg = Release|Any CPU
		{35717DCE-7CC2-482F-A699-2FF157C2258F}.Release|x86.Build.0 = Release|Any CPU
		{043BB5D3-63EC-4BD4-8FA6-A5BC62EB7A1E}.Debug|Any CPU.ActiveCfg = Debug|Any CPU
		{043BB5D3-63EC-4BD4-8FA6-A5BC62EB7A1E}.Debug|Any CPU.Build.0 = Debug|Any CPU
		{043BB5D3-63EC-4BD4-8FA6-A5BC62EB7A1E}.Debug|x64.ActiveCfg = Debug|Any CPU
		{043BB5D3-63EC-4BD4-8FA6-A5BC62EB7A1E}.Debug|x64.Build.0 = Debug|Any CPU
		{043BB5D3-63EC-4BD4-8FA6-A5BC62EB7A1E}.Debug|x86.ActiveCfg = Debug|Any CPU
		{043BB5D3-63EC-4BD4-8FA6-A5BC62EB7A1E}.Debug|x86.Build.0 = Debug|Any CPU
		{043BB5D3-63EC-4BD4-8FA6-A5BC62EB7A1E}.Release|Any CPU.ActiveCfg = Release|Any CPU
		{043BB5D3-63EC-4BD4-8FA6-A5BC62EB7A1E}.Release|Any CPU.Build.0 = Release|Any CPU
		{043BB5D3-63EC-4BD4-8FA6-A5BC62EB7A1E}.Release|x64.ActiveCfg = Release|Any CPU
		{043BB5D3-63EC-4BD4-8FA6-A5BC62EB7A1E}.Release|x64.Build.0 = Release|Any CPU
		{043BB5D3-63EC-4BD4-8FA6-A5BC62EB7A1E}.Release|x86.ActiveCfg = Release|Any CPU
		{043BB5D3-63EC-4BD4-8FA6-A5BC62EB7A1E}.Release|x86.Build.0 = Release|Any CPU
		{A0540A48-8F67-4A52-9B54-7801C22F5679}.Debug|Any CPU.ActiveCfg = Debug|Any CPU
		{A0540A48-8F67-4A52-9B54-7801C22F5679}.Debug|Any CPU.Build.0 = Debug|Any CPU
		{A0540A48-8F67-4A52-9B54-7801C22F5679}.Debug|x64.ActiveCfg = Debug|Any CPU
		{A0540A48-8F67-4A52-9B54-7801C22F5679}.Debug|x64.Build.0 = Debug|Any CPU
		{A0540A48-8F67-4A52-9B54-7801C22F5679}.Debug|x86.ActiveCfg = Debug|Any CPU
		{A0540A48-8F67-4A52-9B54-7801C22F5679}.Debug|x86.Build.0 = Debug|Any CPU
		{A0540A48-8F67-4A52-9B54-7801C22F5679}.Release|Any CPU.ActiveCfg = Release|Any CPU
		{A0540A48-8F67-4A52-9B54-7801C22F5679}.Release|Any CPU.Build.0 = Release|Any CPU
		{A0540A48-8F67-4A52-9B54-7801C22F5679}.Release|x64.ActiveCfg = Release|Any CPU
		{A0540A48-8F67-4A52-9B54-7801C22F5679}.Release|x64.Build.0 = Release|Any CPU
		{A0540A48-8F67-4A52-9B54-7801C22F5679}.Release|x86.ActiveCfg = Release|Any CPU
		{A0540A48-8F67-4A52-9B54-7801C22F5679}.Release|x86.Build.0 = Release|Any CPU
		{AF9243F7-FE10-45EF-B936-FD790585304A}.Debug|Any CPU.ActiveCfg = Debug|Any CPU
		{AF9243F7-FE10-45EF-B936-FD790585304A}.Debug|Any CPU.Build.0 = Debug|Any CPU
		{AF9243F7-FE10-45EF-B936-FD790585304A}.Debug|x64.ActiveCfg = Debug|Any CPU
		{AF9243F7-FE10-45EF-B936-FD790585304A}.Debug|x64.Build.0 = Debug|Any CPU
		{AF9243F7-FE10-45EF-B936-FD790585304A}.Debug|x86.ActiveCfg = Debug|Any CPU
		{AF9243F7-FE10-45EF-B936-FD790585304A}.Debug|x86.Build.0 = Debug|Any CPU
		{AF9243F7-FE10-45EF-B936-FD790585304A}.Release|Any CPU.ActiveCfg = Release|Any CPU
		{AF9243F7-FE10-45EF-B936-FD790585304A}.Release|Any CPU.Build.0 = Release|Any CPU
		{AF9243F7-FE10-45EF-B936-FD790585304A}.Release|x64.ActiveCfg = Release|Any CPU
		{AF9243F7-FE10-45EF-B936-FD790585304A}.Release|x64.Build.0 = Release|Any CPU
		{AF9243F7-FE10-45EF-B936-FD790585304A}.Release|x86.ActiveCfg = Release|Any CPU
		{AF9243F7-FE10-45EF-B936-FD790585304A}.Release|x86.Build.0 = Release|Any CPU
		{7CB875C0-91D8-48E2-99EE-5D4C479E2AE6}.Debug|Any CPU.ActiveCfg = Debug|Any CPU
		{7CB875C0-91D8-48E2-99EE-5D4C479E2AE6}.Debug|Any CPU.Build.0 = Debug|Any CPU
		{7CB875C0-91D8-48E2-99EE-5D4C479E2AE6}.Debug|x64.ActiveCfg = Debug|Any CPU
		{7CB875C0-91D8-48E2-99EE-5D4C479E2AE6}.Debug|x64.Build.0 = Debug|Any CPU
		{7CB875C0-91D8-48E2-99EE-5D4C479E2AE6}.Debug|x86.ActiveCfg = Debug|Any CPU
		{7CB875C0-91D8-48E2-99EE-5D4C479E2AE6}.Debug|x86.Build.0 = Debug|Any CPU
		{7CB875C0-91D8-48E2-99EE-5D4C479E2AE6}.Release|Any CPU.ActiveCfg = Release|Any CPU
		{7CB875C0-91D8-48E2-99EE-5D4C479E2AE6}.Release|Any CPU.Build.0 = Release|Any CPU
		{7CB875C0-91D8-48E2-99EE-5D4C479E2AE6}.Release|x64.ActiveCfg = Release|Any CPU
		{7CB875C0-91D8-48E2-99EE-5D4C479E2AE6}.Release|x64.Build.0 = Release|Any CPU
		{7CB875C0-91D8-48E2-99EE-5D4C479E2AE6}.Release|x86.ActiveCfg = Release|Any CPU
		{7CB875C0-91D8-48E2-99EE-5D4C479E2AE6}.Release|x86.Build.0 = Release|Any CPU
		{5F5F8ABA-516B-44EB-AA76-CAD866D8B894}.Debug|Any CPU.ActiveCfg = Debug|Any CPU
		{5F5F8ABA-516B-44EB-AA76-CAD866D8B894}.Debug|Any CPU.Build.0 = Debug|Any CPU
		{5F5F8ABA-516B-44EB-AA76-CAD866D8B894}.Debug|x64.ActiveCfg = Debug|Any CPU
		{5F5F8ABA-516B-44EB-AA76-CAD866D8B894}.Debug|x64.Build.0 = Debug|Any CPU
		{5F5F8ABA-516B-44EB-AA76-CAD866D8B894}.Debug|x86.ActiveCfg = Debug|Any CPU
		{5F5F8ABA-516B-44EB-AA76-CAD866D8B894}.Debug|x86.Build.0 = Debug|Any CPU
		{5F5F8ABA-516B-44EB-AA76-CAD866D8B894}.Release|Any CPU.ActiveCfg = Release|Any CPU
		{5F5F8ABA-516B-44EB-AA76-CAD866D8B894}.Release|Any CPU.Build.0 = Release|Any CPU
		{5F5F8ABA-516B-44EB-AA76-CAD866D8B894}.Release|x64.ActiveCfg = Release|Any CPU
		{5F5F8ABA-516B-44EB-AA76-CAD866D8B894}.Release|x64.Build.0 = Release|Any CPU
		{5F5F8ABA-516B-44EB-AA76-CAD866D8B894}.Release|x86.ActiveCfg = Release|Any CPU
		{5F5F8ABA-516B-44EB-AA76-CAD866D8B894}.Release|x86.Build.0 = Release|Any CPU
		{05195457-36B8-4D50-A1C8-9CA1FF8BC944}.Debug|Any CPU.ActiveCfg = Debug|Any CPU
		{05195457-36B8-4D50-A1C8-9CA1FF8BC944}.Debug|Any CPU.Build.0 = Debug|Any CPU
		{05195457-36B8-4D50-A1C8-9CA1FF8BC944}.Debug|x64.ActiveCfg = Debug|Any CPU
		{05195457-36B8-4D50-A1C8-9CA1FF8BC944}.Debug|x64.Build.0 = Debug|Any CPU
		{05195457-36B8-4D50-A1C8-9CA1FF8BC944}.Debug|x86.ActiveCfg = Debug|Any CPU
		{05195457-36B8-4D50-A1C8-9CA1FF8BC944}.Debug|x86.Build.0 = Debug|Any CPU
		{05195457-36B8-4D50-A1C8-9CA1FF8BC944}.Release|Any CPU.ActiveCfg = Release|Any CPU
		{05195457-36B8-4D50-A1C8-9CA1FF8BC944}.Release|Any CPU.Build.0 = Release|Any CPU
		{05195457-36B8-4D50-A1C8-9CA1FF8BC944}.Release|x64.ActiveCfg = Release|Any CPU
		{05195457-36B8-4D50-A1C8-9CA1FF8BC944}.Release|x64.Build.0 = Release|Any CPU
		{05195457-36B8-4D50-A1C8-9CA1FF8BC944}.Release|x86.ActiveCfg = Release|Any CPU
		{05195457-36B8-4D50-A1C8-9CA1FF8BC944}.Release|x86.Build.0 = Release|Any CPU
		{27BFCF41-5919-4DD6-B923-2E5F3D43AC2C}.Debug|Any CPU.ActiveCfg = Debug|Any CPU
		{27BFCF41-5919-4DD6-B923-2E5F3D43AC2C}.Debug|Any CPU.Build.0 = Debug|Any CPU
		{27BFCF41-5919-4DD6-B923-2E5F3D43AC2C}.Debug|x64.ActiveCfg = Debug|Any CPU
		{27BFCF41-5919-4DD6-B923-2E5F3D43AC2C}.Debug|x64.Build.0 = Debug|Any CPU
		{27BFCF41-5919-4DD6-B923-2E5F3D43AC2C}.Debug|x86.ActiveCfg = Debug|Any CPU
		{27BFCF41-5919-4DD6-B923-2E5F3D43AC2C}.Debug|x86.Build.0 = Debug|Any CPU
		{27BFCF41-5919-4DD6-B923-2E5F3D43AC2C}.Release|Any CPU.ActiveCfg = Release|Any CPU
		{27BFCF41-5919-4DD6-B923-2E5F3D43AC2C}.Release|Any CPU.Build.0 = Release|Any CPU
		{27BFCF41-5919-4DD6-B923-2E5F3D43AC2C}.Release|x64.ActiveCfg = Release|Any CPU
		{27BFCF41-5919-4DD6-B923-2E5F3D43AC2C}.Release|x64.Build.0 = Release|Any CPU
		{27BFCF41-5919-4DD6-B923-2E5F3D43AC2C}.Release|x86.ActiveCfg = Release|Any CPU
		{27BFCF41-5919-4DD6-B923-2E5F3D43AC2C}.Release|x86.Build.0 = Release|Any CPU
		{2A7B6E93-5999-4941-9E59-DC9D0DA977E5}.Debug|Any CPU.ActiveCfg = Debug|Any CPU
		{2A7B6E93-5999-4941-9E59-DC9D0DA977E5}.Debug|Any CPU.Build.0 = Debug|Any CPU
		{2A7B6E93-5999-4941-9E59-DC9D0DA977E5}.Debug|x64.ActiveCfg = Debug|Any CPU
		{2A7B6E93-5999-4941-9E59-DC9D0DA977E5}.Debug|x64.Build.0 = Debug|Any CPU
		{2A7B6E93-5999-4941-9E59-DC9D0DA977E5}.Debug|x86.ActiveCfg = Debug|Any CPU
		{2A7B6E93-5999-4941-9E59-DC9D0DA977E5}.Debug|x86.Build.0 = Debug|Any CPU
		{2A7B6E93-5999-4941-9E59-DC9D0DA977E5}.Release|Any CPU.ActiveCfg = Release|Any CPU
		{2A7B6E93-5999-4941-9E59-DC9D0DA977E5}.Release|Any CPU.Build.0 = Release|Any CPU
		{2A7B6E93-5999-4941-9E59-DC9D0DA977E5}.Release|x64.ActiveCfg = Release|Any CPU
		{2A7B6E93-5999-4941-9E59-DC9D0DA977E5}.Release|x64.Build.0 = Release|Any CPU
		{2A7B6E93-5999-4941-9E59-DC9D0DA977E5}.Release|x86.ActiveCfg = Release|Any CPU
		{2A7B6E93-5999-4941-9E59-DC9D0DA977E5}.Release|x86.Build.0 = Release|Any CPU
		{6D653917-8C6C-4F99-9075-421DE246FEF0}.Debug|Any CPU.ActiveCfg = Debug|Any CPU
		{6D653917-8C6C-4F99-9075-421DE246FEF0}.Debug|Any CPU.Build.0 = Debug|Any CPU
		{6D653917-8C6C-4F99-9075-421DE246FEF0}.Debug|x64.ActiveCfg = Debug|Any CPU
		{6D653917-8C6C-4F99-9075-421DE246FEF0}.Debug|x64.Build.0 = Debug|Any CPU
		{6D653917-8C6C-4F99-9075-421DE246FEF0}.Debug|x86.ActiveCfg = Debug|Any CPU
		{6D653917-8C6C-4F99-9075-421DE246FEF0}.Debug|x86.Build.0 = Debug|Any CPU
		{6D653917-8C6C-4F99-9075-421DE246FEF0}.Release|Any CPU.ActiveCfg = Release|Any CPU
		{6D653917-8C6C-4F99-9075-421DE246FEF0}.Release|Any CPU.Build.0 = Release|Any CPU
		{6D653917-8C6C-4F99-9075-421DE246FEF0}.Release|x64.ActiveCfg = Release|Any CPU
		{6D653917-8C6C-4F99-9075-421DE246FEF0}.Release|x64.Build.0 = Release|Any CPU
		{6D653917-8C6C-4F99-9075-421DE246FEF0}.Release|x86.ActiveCfg = Release|Any CPU
		{6D653917-8C6C-4F99-9075-421DE246FEF0}.Release|x86.Build.0 = Release|Any CPU
		{EF36475E-8861-4770-8220-D0F6A99FAD8E}.Debug|Any CPU.ActiveCfg = Debug|Any CPU
		{EF36475E-8861-4770-8220-D0F6A99FAD8E}.Debug|Any CPU.Build.0 = Debug|Any CPU
		{EF36475E-8861-4770-8220-D0F6A99FAD8E}.Debug|x64.ActiveCfg = Debug|Any CPU
		{EF36475E-8861-4770-8220-D0F6A99FAD8E}.Debug|x64.Build.0 = Debug|Any CPU
		{EF36475E-8861-4770-8220-D0F6A99FAD8E}.Debug|x86.ActiveCfg = Debug|Any CPU
		{EF36475E-8861-4770-8220-D0F6A99FAD8E}.Debug|x86.Build.0 = Debug|Any CPU
		{EF36475E-8861-4770-8220-D0F6A99FAD8E}.Release|Any CPU.ActiveCfg = Release|Any CPU
		{EF36475E-8861-4770-8220-D0F6A99FAD8E}.Release|Any CPU.Build.0 = Release|Any CPU
		{EF36475E-8861-4770-8220-D0F6A99FAD8E}.Release|x64.ActiveCfg = Release|Any CPU
		{EF36475E-8861-4770-8220-D0F6A99FAD8E}.Release|x64.Build.0 = Release|Any CPU
		{EF36475E-8861-4770-8220-D0F6A99FAD8E}.Release|x86.ActiveCfg = Release|Any CPU
		{EF36475E-8861-4770-8220-D0F6A99FAD8E}.Release|x86.Build.0 = Release|Any CPU
	EndGlobalSection
	GlobalSection(SolutionProperties) = preSolution
		HideSolutionNode = FALSE
	EndGlobalSection
	GlobalSection(NestedProjects) = preSolution
		{4C346402-1A2A-4C65-A95F-8E696EE5CEC3} = {8A66EA6A-F09D-4941-8E92-4DDFDA911D42}
		{35717DCE-7CC2-482F-A699-2FF157C2258F} = {8A66EA6A-F09D-4941-8E92-4DDFDA911D42}
		{6D653917-8C6C-4F99-9075-421DE246FEF0} = {8A66EA6A-F09D-4941-8E92-4DDFDA911D42}
	EndGlobalSection
	GlobalSection(ExtensibilityGlobals) = postSolution
		SolutionGuid = {CDE5153E-0835-41A9-A40E-3E930F41F681}
	EndGlobalSection
EndGlobal
